
Microsoft Visual Studio Solution File, Format Version 12.00
# Visual Studio Version 17
VisualStudioVersion = 17.12.35707.178
MinimumVisualStudioVersion = 10.0.40219.1
Project("{FAE04EC0-301F-11D3-BF4B-00C04F79EFBC}") = "ProjectBankAPI", "ProjectBankAPI\ProjectBankAPI.csproj", "{0574CF95-A2C1-43F9-A662-5CD4BCF979FF}"
EndProject
Project("{FAE04EC0-301F-11D3-BF4B-00C04F79EFBC}") = "UnitTestingXProjectBank.Tests", "UnitTestingXProjectBank.Tests\UnitTestingXProjectBank.Tests.csproj", "{F1FB8084-ABBB-4E1C-8173-907FA03E35A1}"
EndProject
Global
	GlobalSection(SolutionConfigurationPlatforms) = preSolution
		Debug|Any CPU = Debug|Any CPU
		Release|Any CPU = Release|Any CPU
	EndGlobalSection
	GlobalSection(ProjectConfigurationPlatforms) = postSolution
		{0574CF95-A2C1-43F9-A662-5CD4BCF979FF}.Debug|Any CPU.ActiveCfg = Debug|Any CPU
		{0574CF95-A2C1-43F9-A662-5CD4BCF979FF}.Debug|Any CPU.Build.0 = Debug|Any CPU
		{0574CF95-A2C1-43F9-A662-5CD4BCF979FF}.Release|Any CPU.ActiveCfg = Release|Any CPU
		{0574CF95-A2C1-43F9-A662-5CD4BCF979FF}.Release|Any CPU.Build.0 = Release|Any CPU
		{F1FB8084-ABBB-4E1C-8173-907FA03E35A1}.Debug|Any CPU.ActiveCfg = Debug|Any CPU
		{F1FB8084-ABBB-4E1C-8173-907FA03E35A1}.Debug|Any CPU.Build.0 = Debug|Any CPU
		{F1FB8084-ABBB-4E1C-8173-907FA03E35A1}.Release|Any CPU.ActiveCfg = Release|Any CPU
		{F1FB8084-ABBB-4E1C-8173-907FA03E35A1}.Release|Any CPU.Build.0 = Release|Any CPU
	EndGlobalSection
	GlobalSection(SolutionProperties) = preSolution
		HideSolutionNode = FALSE
	EndGlobalSection
EndGlobal
